
Microsoft Visual Studio Solution File, Format Version 12.00
# Visual Studio 14
VisualStudioVersion = 14.0.25420.1
MinimumVisualStudioVersion = 10.0.40219.1
Project("{FAE04EC0-301F-11D3-BF4B-00C04F79EFBC}") = "SNPImageProcessor", "SNPImageProcessor\SNPImageProcessor.csproj", "{4EF1DFA4-0BB3-4F2B-96BC-82942E776053}"
EndProject
Project("{FAE04EC0-301F-11D3-BF4B-00C04F79EFBC}") = "Tester", "Tester\Tester.csproj", "{C40AA11E-53B4-4B4D-AE39-5004C17421AA}"
EndProject
Project("{FAE04EC0-301F-11D3-BF4B-00C04F79EFBC}") = "FunctionTester", "FunctionTester\FunctionTester.csproj", "{81D4B504-B98A-4F4D-B63C-E7D6836F8A97}"
EndProject
Global
	GlobalSection(SolutionConfigurationPlatforms) = preSolution
		Debug|Any CPU = Debug|Any CPU
		Release|Any CPU = Release|Any CPU
	EndGlobalSection
	GlobalSection(ProjectConfigurationPlatforms) = postSolution
		{4EF1DFA4-0BB3-4F2B-96BC-82942E776053}.Debug|Any CPU.ActiveCfg = Debug|Any CPU
		{4EF1DFA4-0BB3-4F2B-96BC-82942E776053}.Debug|Any CPU.Build.0 = Debug|Any CPU
		{4EF1DFA4-0BB3-4F2B-96BC-82942E776053}.Release|Any CPU.ActiveCfg = Release|Any CPU
		{4EF1DFA4-0BB3-4F2B-96BC-82942E776053}.Release|Any CPU.Build.0 = Release|Any CPU
		{C40AA11E-53B4-4B4D-AE39-5004C17421AA}.Debug|Any CPU.ActiveCfg = Debug|Any CPU
		{C40AA11E-53B4-4B4D-AE39-5004C17421AA}.Debug|Any CPU.Build.0 = Debug|Any CPU
		{C40AA11E-53B4-4B4D-AE39-5004C17421AA}.Release|Any CPU.ActiveCfg = Release|Any CPU
		{C40AA11E-53B4-4B4D-AE39-5004C17421AA}.Release|Any CPU.Build.0 = Release|Any CPU
		{81D4B504-B98A-4F4D-B63C-E7D6836F8A97}.Debug|Any CPU.ActiveCfg = Debug|Any CPU
		{81D4B504-B98A-4F4D-B63C-E7D6836F8A97}.Debug|Any CPU.Build.0 = Debug|Any CPU
		{81D4B504-B98A-4F4D-B63C-E7D6836F8A97}.Release|Any CPU.ActiveCfg = Release|Any CPU
		{81D4B504-B98A-4F4D-B63C-E7D6836F8A97}.Release|Any CPU.Build.0 = Release|Any CPU
	EndGlobalSection
	GlobalSection(SolutionProperties) = preSolution
		HideSolutionNode = FALSE
	EndGlobalSection
EndGlobal
